// !$*UTF8*$!
{
	archiveVersion = 1;
	classes = {
	};
	objectVersion = 56;
	objects = {

/* Begin PBXBuildFile section */
		4F18E9D12923CA860090E128 /* PersistenceManager.swift in Sources */ = {isa = PBXBuildFile; fileRef = 4F18E9D02923CA860090E128 /* PersistenceManager.swift */; };
		4F1B7AAE29136CAB009B5B8D /* GFUserInfoHeaderVC.swift in Sources */ = {isa = PBXBuildFile; fileRef = 4F1B7AAD29136CAB009B5B8D /* GFUserInfoHeaderVC.swift */; };
		4F1B7AB029136CC4009B5B8D /* GFSecondaryTitleLabel.swift in Sources */ = {isa = PBXBuildFile; fileRef = 4F1B7AAF29136CC4009B5B8D /* GFSecondaryTitleLabel.swift */; };
		4F1B7AB229137174009B5B8D /* Constants.swift in Sources */ = {isa = PBXBuildFile; fileRef = 4F1B7AB129137174009B5B8D /* Constants.swift */; };
		4F202D17290B799900888C94 /* GFButton.swift in Sources */ = {isa = PBXBuildFile; fileRef = 4F202D16290B799900888C94 /* GFButton.swift */; };
		4F202D19290B7DDC00888C94 /* GFTextField.swift in Sources */ = {isa = PBXBuildFile; fileRef = 4F202D18290B7DDC00888C94 /* GFTextField.swift */; };
		4F202D1B290BB91500888C94 /* String+Extension.swift in Sources */ = {isa = PBXBuildFile; fileRef = 4F202D1A290BB91500888C94 /* String+Extension.swift */; };
		4F202D1D290BBB0F00888C94 /* FollowerListVC.swift in Sources */ = {isa = PBXBuildFile; fileRef = 4F202D1C290BBB0F00888C94 /* FollowerListVC.swift */; };
		4F202D1F290BDE6A00888C94 /* GFTitleLabel.swift in Sources */ = {isa = PBXBuildFile; fileRef = 4F202D1E290BDE6A00888C94 /* GFTitleLabel.swift */; };
		4F202D21290BDF6D00888C94 /* GFBodyLabel.swift in Sources */ = {isa = PBXBuildFile; fileRef = 4F202D20290BDF6D00888C94 /* GFBodyLabel.swift */; };
		4F202D23290BDFD400888C94 /* GFAlertVC.swift in Sources */ = {isa = PBXBuildFile; fileRef = 4F202D22290BDFD400888C94 /* GFAlertVC.swift */; };
		4F4866F52924C1E500F033A2 /* FavoriteCell.swift in Sources */ = {isa = PBXBuildFile; fileRef = 4F4866F42924C1E500F033A2 /* FavoriteCell.swift */; };
		4F5CC172290E2E5C0048254A /* Follower.swift in Sources */ = {isa = PBXBuildFile; fileRef = 4F5CC171290E2E5C0048254A /* Follower.swift */; };
		4F5CC174290E2E640048254A /* User.swift in Sources */ = {isa = PBXBuildFile; fileRef = 4F5CC173290E2E640048254A /* User.swift */; };
		4F5CC177290E51860048254A /* NetworkManager.swift in Sources */ = {isa = PBXBuildFile; fileRef = 4F5CC176290E51860048254A /* NetworkManager.swift */; };
		4F5CC17A290E60C80048254A /* ErrorMessage.swift in Sources */ = {isa = PBXBuildFile; fileRef = 4F5CC179290E60C80048254A /* ErrorMessage.swift */; };
		4F71EBBA290D106B0034D347 /* UIViewController+Extension.swift in Sources */ = {isa = PBXBuildFile; fileRef = 4F71EBB9290D106B0034D347 /* UIViewController+Extension.swift */; };
		4F71EBC0290D18910034D347 /* GFAlertView.swift in Sources */ = {isa = PBXBuildFile; fileRef = 4F71EBBF290D18910034D347 /* GFAlertView.swift */; };
		4F96356129124E4E00D85A27 /* UserInfoVC.swift in Sources */ = {isa = PBXBuildFile; fileRef = 4F96356029124E4E00D85A27 /* UserInfoVC.swift */; };
		4FA2267B29261B57004FBE47 /* GFTabBarController.swift in Sources */ = {isa = PBXBuildFile; fileRef = 4FA2267A29261B57004FBE47 /* GFTabBarController.swift */; };
		4FB5ECAC290F668C00F1BBD4 /* FollowerCell.swift in Sources */ = {isa = PBXBuildFile; fileRef = 4FB5ECAB290F668C00F1BBD4 /* FollowerCell.swift */; };
		4FB5ECAE290F66A400F1BBD4 /* GFAvatarImageView.swift in Sources */ = {isa = PBXBuildFile; fileRef = 4FB5ECAD290F66A400F1BBD4 /* GFAvatarImageView.swift */; };
		4FB5ECB0290F66DA00F1BBD4 /* UITableViewCell+Extension.swift in Sources */ = {isa = PBXBuildFile; fileRef = 4FB5ECAF290F66DA00F1BBD4 /* UITableViewCell+Extension.swift */; };
		4FB5ECB2290F70C200F1BBD4 /* UICollectionViewCell+Extension.swift in Sources */ = {isa = PBXBuildFile; fileRef = 4FB5ECB1290F70C200F1BBD4 /* UICollectionViewCell+Extension.swift */; };
		4FC40570290A7ABE00419AC8 /* AppDelegate.swift in Sources */ = {isa = PBXBuildFile; fileRef = 4FC4056F290A7ABE00419AC8 /* AppDelegate.swift */; };
		4FC40572290A7ABE00419AC8 /* SceneDelegate.swift in Sources */ = {isa = PBXBuildFile; fileRef = 4FC40571290A7ABE00419AC8 /* SceneDelegate.swift */; };
		4FC40579290A7AC300419AC8 /* Assets.xcassets in Resources */ = {isa = PBXBuildFile; fileRef = 4FC40578290A7AC300419AC8 /* Assets.xcassets */; };
		4FC4057C290A7AC300419AC8 /* LaunchScreen.storyboard in Resources */ = {isa = PBXBuildFile; fileRef = 4FC4057A290A7AC300419AC8 /* LaunchScreen.storyboard */; };
		4FC40584290A8D6D00419AC8 /* SearchVC.swift in Sources */ = {isa = PBXBuildFile; fileRef = 4FC40583290A8D6D00419AC8 /* SearchVC.swift */; };
		4FC40586290A8D8900419AC8 /* FavoritesVC.swift in Sources */ = {isa = PBXBuildFile; fileRef = 4FC40585290A8D8900419AC8 /* FavoritesVC.swift */; };
		4FD0BD442910CF7A00475792 /* CacheManager.swift in Sources */ = {isa = PBXBuildFile; fileRef = 4FD0BD432910CF7A00475792 /* CacheManager.swift */; };
		4FD0BD4C2911219500475792 /* GFEmptyStateView.swift in Sources */ = {isa = PBXBuildFile; fileRef = 4FD0BD4B2911219500475792 /* GFEmptyStateView.swift */; };
		4FEC1725291CA9470079A9A1 /* GFItemInfoView.swift in Sources */ = {isa = PBXBuildFile; fileRef = 4FEC1724291CA9470079A9A1 /* GFItemInfoView.swift */; };
		4FEC1727291CD0A50079A9A1 /* GFItemInfoVC.swift in Sources */ = {isa = PBXBuildFile; fileRef = 4FEC1726291CD0A50079A9A1 /* GFItemInfoVC.swift */; };
		4FEC1729291CDA9A0079A9A1 /* GFRepoItemVC.swift in Sources */ = {isa = PBXBuildFile; fileRef = 4FEC1728291CDA9A0079A9A1 /* GFRepoItemVC.swift */; };
		4FEC172B291CDC890079A9A1 /* GFFollowerItemVC.swift in Sources */ = {isa = PBXBuildFile; fileRef = 4FEC172A291CDC890079A9A1 /* GFFollowerItemVC.swift */; };
		4FF4E6D0291DF2E300323BE8 /* Date+Extension.swift in Sources */ = {isa = PBXBuildFile; fileRef = 4FF4E6CF291DF2E200323BE8 /* Date+Extension.swift */; };
/* End PBXBuildFile section */

/* Begin PBXFileReference section */
		4F18E9D02923CA860090E128 /* PersistenceManager.swift */ = {isa = PBXFileReference; lastKnownFileType = sourcecode.swift; path = PersistenceManager.swift; sourceTree = "<group>"; };
		4F1B7AAD29136CAB009B5B8D /* GFUserInfoHeaderVC.swift */ = {isa = PBXFileReference; lastKnownFileType = sourcecode.swift; path = GFUserInfoHeaderVC.swift; sourceTree = "<group>"; };
		4F1B7AAF29136CC4009B5B8D /* GFSecondaryTitleLabel.swift */ = {isa = PBXFileReference; lastKnownFileType = sourcecode.swift; path = GFSecondaryTitleLabel.swift; sourceTree = "<group>"; };
		4F1B7AB129137174009B5B8D /* Constants.swift */ = {isa = PBXFileReference; lastKnownFileType = sourcecode.swift; path = Constants.swift; sourceTree = "<group>"; };
		4F202D16290B799900888C94 /* GFButton.swift */ = {isa = PBXFileReference; lastKnownFileType = sourcecode.swift; path = GFButton.swift; sourceTree = "<group>"; };
		4F202D18290B7DDC00888C94 /* GFTextField.swift */ = {isa = PBXFileReference; lastKnownFileType = sourcecode.swift; path = GFTextField.swift; sourceTree = "<group>"; };
		4F202D1A290BB91500888C94 /* String+Extension.swift */ = {isa = PBXFileReference; lastKnownFileType = sourcecode.swift; path = "String+Extension.swift"; sourceTree = "<group>"; };
		4F202D1C290BBB0F00888C94 /* FollowerListVC.swift */ = {isa = PBXFileReference; lastKnownFileType = sourcecode.swift; path = FollowerListVC.swift; sourceTree = "<group>"; };
		4F202D1E290BDE6A00888C94 /* GFTitleLabel.swift */ = {isa = PBXFileReference; lastKnownFileType = sourcecode.swift; path = GFTitleLabel.swift; sourceTree = "<group>"; };
		4F202D20290BDF6D00888C94 /* GFBodyLabel.swift */ = {isa = PBXFileReference; lastKnownFileType = sourcecode.swift; path = GFBodyLabel.swift; sourceTree = "<group>"; };
		4F202D22290BDFD400888C94 /* GFAlertVC.swift */ = {isa = PBXFileReference; lastKnownFileType = sourcecode.swift; path = GFAlertVC.swift; sourceTree = "<group>"; };
		4F4866F42924C1E500F033A2 /* FavoriteCell.swift */ = {isa = PBXFileReference; lastKnownFileType = sourcecode.swift; path = FavoriteCell.swift; sourceTree = "<group>"; };
		4F5CC171290E2E5C0048254A /* Follower.swift */ = {isa = PBXFileReference; lastKnownFileType = sourcecode.swift; path = Follower.swift; sourceTree = "<group>"; };
		4F5CC173290E2E640048254A /* User.swift */ = {isa = PBXFileReference; lastKnownFileType = sourcecode.swift; path = User.swift; sourceTree = "<group>"; };
		4F5CC176290E51860048254A /* NetworkManager.swift */ = {isa = PBXFileReference; lastKnownFileType = sourcecode.swift; path = NetworkManager.swift; sourceTree = "<group>"; };
		4F5CC179290E60C80048254A /* ErrorMessage.swift */ = {isa = PBXFileReference; lastKnownFileType = sourcecode.swift; path = ErrorMessage.swift; sourceTree = "<group>"; };
		4F71EBB9290D106B0034D347 /* UIViewController+Extension.swift */ = {isa = PBXFileReference; lastKnownFileType = sourcecode.swift; path = "UIViewController+Extension.swift"; sourceTree = "<group>"; };
		4F71EBBF290D18910034D347 /* GFAlertView.swift */ = {isa = PBXFileReference; lastKnownFileType = sourcecode.swift; path = GFAlertView.swift; sourceTree = "<group>"; };
		4F96356029124E4E00D85A27 /* UserInfoVC.swift */ = {isa = PBXFileReference; lastKnownFileType = sourcecode.swift; path = UserInfoVC.swift; sourceTree = "<group>"; };
		4FA2267A29261B57004FBE47 /* GFTabBarController.swift */ = {isa = PBXFileReference; lastKnownFileType = sourcecode.swift; path = GFTabBarController.swift; sourceTree = "<group>"; };
		4FB5ECAB290F668C00F1BBD4 /* FollowerCell.swift */ = {isa = PBXFileReference; lastKnownFileType = sourcecode.swift; path = FollowerCell.swift; sourceTree = "<group>"; };
		4FB5ECAD290F66A400F1BBD4 /* GFAvatarImageView.swift */ = {isa = PBXFileReference; lastKnownFileType = sourcecode.swift; path = GFAvatarImageView.swift; sourceTree = "<group>"; };
		4FB5ECAF290F66DA00F1BBD4 /* UITableViewCell+Extension.swift */ = {isa = PBXFileReference; lastKnownFileType = sourcecode.swift; path = "UITableViewCell+Extension.swift"; sourceTree = "<group>"; };
		4FB5ECB1290F70C200F1BBD4 /* UICollectionViewCell+Extension.swift */ = {isa = PBXFileReference; lastKnownFileType = sourcecode.swift; path = "UICollectionViewCell+Extension.swift"; sourceTree = "<group>"; };
		4FC4056C290A7ABE00419AC8 /* GithubFollowers.app */ = {isa = PBXFileReference; explicitFileType = wrapper.application; includeInIndex = 0; path = GithubFollowers.app; sourceTree = BUILT_PRODUCTS_DIR; };
		4FC4056F290A7ABE00419AC8 /* AppDelegate.swift */ = {isa = PBXFileReference; lastKnownFileType = sourcecode.swift; path = AppDelegate.swift; sourceTree = "<group>"; };
		4FC40571290A7ABE00419AC8 /* SceneDelegate.swift */ = {isa = PBXFileReference; lastKnownFileType = sourcecode.swift; path = SceneDelegate.swift; sourceTree = "<group>"; };
		4FC40578290A7AC300419AC8 /* Assets.xcassets */ = {isa = PBXFileReference; lastKnownFileType = folder.assetcatalog; path = Assets.xcassets; sourceTree = "<group>"; };
		4FC4057B290A7AC300419AC8 /* Base */ = {isa = PBXFileReference; lastKnownFileType = file.storyboard; name = Base; path = Base.lproj/LaunchScreen.storyboard; sourceTree = "<group>"; };
		4FC4057D290A7AC300419AC8 /* Info.plist */ = {isa = PBXFileReference; lastKnownFileType = text.plist.xml; path = Info.plist; sourceTree = "<group>"; };
		4FC40583290A8D6D00419AC8 /* SearchVC.swift */ = {isa = PBXFileReference; lastKnownFileType = sourcecode.swift; path = SearchVC.swift; sourceTree = "<group>"; };
		4FC40585290A8D8900419AC8 /* FavoritesVC.swift */ = {isa = PBXFileReference; lastKnownFileType = sourcecode.swift; path = FavoritesVC.swift; sourceTree = "<group>"; };
		4FD0BD432910CF7A00475792 /* CacheManager.swift */ = {isa = PBXFileReference; lastKnownFileType = sourcecode.swift; path = CacheManager.swift; sourceTree = "<group>"; };
		4FD0BD4B2911219500475792 /* GFEmptyStateView.swift */ = {isa = PBXFileReference; lastKnownFileType = sourcecode.swift; path = GFEmptyStateView.swift; sourceTree = "<group>"; };
		4FEC1724291CA9470079A9A1 /* GFItemInfoView.swift */ = {isa = PBXFileReference; lastKnownFileType = sourcecode.swift; path = GFItemInfoView.swift; sourceTree = "<group>"; };
		4FEC1726291CD0A50079A9A1 /* GFItemInfoVC.swift */ = {isa = PBXFileReference; lastKnownFileType = sourcecode.swift; path = GFItemInfoVC.swift; sourceTree = "<group>"; };
		4FEC1728291CDA9A0079A9A1 /* GFRepoItemVC.swift */ = {isa = PBXFileReference; lastKnownFileType = sourcecode.swift; path = GFRepoItemVC.swift; sourceTree = "<group>"; };
		4FEC172A291CDC890079A9A1 /* GFFollowerItemVC.swift */ = {isa = PBXFileReference; lastKnownFileType = sourcecode.swift; path = GFFollowerItemVC.swift; sourceTree = "<group>"; };
		4FF4E6CF291DF2E200323BE8 /* Date+Extension.swift */ = {isa = PBXFileReference; lastKnownFileType = sourcecode.swift; path = "Date+Extension.swift"; sourceTree = "<group>"; };
/* End PBXFileReference section */

/* Begin PBXFrameworksBuildPhase section */
		4FC40569290A7ABE00419AC8 /* Frameworks */ = {
			isa = PBXFrameworksBuildPhase;
			buildActionMask = 2147483647;
			files = (
			);
			runOnlyForDeploymentPostprocessing = 0;
		};
/* End PBXFrameworksBuildPhase section */

/* Begin PBXGroup section */
		4F5CC170290E2E3A0048254A /* Model */ = {
			isa = PBXGroup;
			children = (
				4F5CC171290E2E5C0048254A /* Follower.swift */,
				4F5CC173290E2E640048254A /* User.swift */,
			);
			path = Model;
			sourceTree = "<group>";
		};
		4F5CC175290E51680048254A /* Managers */ = {
			isa = PBXGroup;
			children = (
				4F5CC176290E51860048254A /* NetworkManager.swift */,
				4FD0BD432910CF7A00475792 /* CacheManager.swift */,
				4F18E9D02923CA860090E128 /* PersistenceManager.swift */,
			);
			path = Managers;
			sourceTree = "<group>";
		};
		4F5CC178290E60B10048254A /* Utilities */ = {
			isa = PBXGroup;
			children = (
				4F5CC179290E60C80048254A /* ErrorMessage.swift */,
				4F1B7AB129137174009B5B8D /* Constants.swift */,
			);
			path = Utilities;
			sourceTree = "<group>";
		};
		4F71EBBB290D18070034D347 /* Extensions */ = {
			isa = PBXGroup;
			children = (
				4F71EBB9290D106B0034D347 /* UIViewController+Extension.swift */,
				4F202D1A290BB91500888C94 /* String+Extension.swift */,
				4FB5ECAF290F66DA00F1BBD4 /* UITableViewCell+Extension.swift */,
				4FB5ECB1290F70C200F1BBD4 /* UICollectionViewCell+Extension.swift */,
				4FF4E6CF291DF2E200323BE8 /* Date+Extension.swift */,
			);
			path = Extensions;
			sourceTree = "<group>";
		};
		4F71EBBC290D181E0034D347 /* Screens */ = {
			isa = PBXGroup;
			children = (
				4FC40583290A8D6D00419AC8 /* SearchVC.swift */,
				4F202D1C290BBB0F00888C94 /* FollowerListVC.swift */,
				4FC40585290A8D8900419AC8 /* FavoritesVC.swift */,
				4F96356029124E4E00D85A27 /* UserInfoVC.swift */,
			);
			path = Screens;
			sourceTree = "<group>";
		};
		4F71EBBD290D18320034D347 /* Custom Views */ = {
			isa = PBXGroup;
			children = (
				4FA2267929261B24004FBE47 /* TabBarControllers */,
				4FD0BD4A2911215400475792 /* Views */,
				4FD0BD492911214400475792 /* ImageViews */,
				4FD0BD482911213800475792 /* ViewControllers */,
				4FD0BD472911212A00475792 /* Labels */,
				4FD0BD462911210100475792 /* TextFields */,
				4FD0BD45291120EC00475792 /* Buttons */,
				4FB5ECAA290F665D00F1BBD4 /* Cells */,
			);
			path = "Custom Views";
			sourceTree = "<group>";
		};
		4F71EBBE290D186F0034D347 /* Support */ = {
			isa = PBXGroup;
			children = (
				4FC4056F290A7ABE00419AC8 /* AppDelegate.swift */,
				4FC40571290A7ABE00419AC8 /* SceneDelegate.swift */,
				4FC40578290A7AC300419AC8 /* Assets.xcassets */,
				4FC4057A290A7AC300419AC8 /* LaunchScreen.storyboard */,
				4FC4057D290A7AC300419AC8 /* Info.plist */,
			);
			path = Support;
			sourceTree = "<group>";
		};
		4FA2267929261B24004FBE47 /* TabBarControllers */ = {
			isa = PBXGroup;
			children = (
				4FA2267A29261B57004FBE47 /* GFTabBarController.swift */,
			);
			path = TabBarControllers;
			sourceTree = "<group>";
		};
		4FB5ECAA290F665D00F1BBD4 /* Cells */ = {
			isa = PBXGroup;
			children = (
				4FB5ECAB290F668C00F1BBD4 /* FollowerCell.swift */,
				4F4866F42924C1E500F033A2 /* FavoriteCell.swift */,
			);
			path = Cells;
			sourceTree = "<group>";
		};
		4FC40563290A7ABE00419AC8 = {
			isa = PBXGroup;
			children = (
				4FC4056E290A7ABE00419AC8 /* GithubFollowers */,
				4FC4056D290A7ABE00419AC8 /* Products */,
			);
			sourceTree = "<group>";
		};
		4FC4056D290A7ABE00419AC8 /* Products */ = {
			isa = PBXGroup;
			children = (
				4FC4056C290A7ABE00419AC8 /* GithubFollowers.app */,
			);
			name = Products;
			sourceTree = "<group>";
		};
		4FC4056E290A7ABE00419AC8 /* GithubFollowers */ = {
			isa = PBXGroup;
			children = (
				4F5CC178290E60B10048254A /* Utilities */,
				4F71EBBB290D18070034D347 /* Extensions */,
				4F5CC170290E2E3A0048254A /* Model */,
				4F5CC175290E51680048254A /* Managers */,
				4F71EBBD290D18320034D347 /* Custom Views */,
				4F71EBBC290D181E0034D347 /* Screens */,
				4F71EBBE290D186F0034D347 /* Support */,
			);
			path = GithubFollowers;
			sourceTree = "<group>";
		};
		4FD0BD45291120EC00475792 /* Buttons */ = {
			isa = PBXGroup;
			children = (
				4F202D16290B799900888C94 /* GFButton.swift */,
			);
			path = Buttons;
			sourceTree = "<group>";
		};
		4FD0BD462911210100475792 /* TextFields */ = {
			isa = PBXGroup;
			children = (
				4F202D18290B7DDC00888C94 /* GFTextField.swift */,
			);
			path = TextFields;
			sourceTree = "<group>";
		};
		4FD0BD472911212A00475792 /* Labels */ = {
			isa = PBXGroup;
			children = (
				4F202D1E290BDE6A00888C94 /* GFTitleLabel.swift */,
				4F1B7AAF29136CC4009B5B8D /* GFSecondaryTitleLabel.swift */,
				4F202D20290BDF6D00888C94 /* GFBodyLabel.swift */,
			);
			path = Labels;
			sourceTree = "<group>";
		};
		4FD0BD482911213800475792 /* ViewControllers */ = {
			isa = PBXGroup;
			children = (
				4FEC172C291CDCBC0079A9A1 /* ItemInfoVCs */,
				4F202D22290BDFD400888C94 /* GFAlertVC.swift */,
				4F1B7AAD29136CAB009B5B8D /* GFUserInfoHeaderVC.swift */,
			);
			path = ViewControllers;
			sourceTree = "<group>";
		};
		4FD0BD492911214400475792 /* ImageViews */ = {
			isa = PBXGroup;
			children = (
				4FB5ECAD290F66A400F1BBD4 /* GFAvatarImageView.swift */,
			);
			path = ImageViews;
			sourceTree = "<group>";
		};
		4FD0BD4A2911215400475792 /* Views */ = {
			isa = PBXGroup;
			children = (
				4F71EBBF290D18910034D347 /* GFAlertView.swift */,
				4FD0BD4B2911219500475792 /* GFEmptyStateView.swift */,
				4FEC1724291CA9470079A9A1 /* GFItemInfoView.swift */,
			);
			path = Views;
			sourceTree = "<group>";
		};
		4FEC172C291CDCBC0079A9A1 /* ItemInfoVCs */ = {
			isa = PBXGroup;
			children = (
				4FEC1726291CD0A50079A9A1 /* GFItemInfoVC.swift */,
				4FEC1728291CDA9A0079A9A1 /* GFRepoItemVC.swift */,
				4FEC172A291CDC890079A9A1 /* GFFollowerItemVC.swift */,
			);
			path = ItemInfoVCs;
			sourceTree = "<group>";
		};
/* End PBXGroup section */

/* Begin PBXNativeTarget section */
		4FC4056B290A7ABE00419AC8 /* GithubFollowers */ = {
			isa = PBXNativeTarget;
			buildConfigurationList = 4FC40580290A7AC300419AC8 /* Build configuration list for PBXNativeTarget "GithubFollowers" */;
			buildPhases = (
				4FC40568290A7ABE00419AC8 /* Sources */,
				4FC40569290A7ABE00419AC8 /* Frameworks */,
				4FC4056A290A7ABE00419AC8 /* Resources */,
			);
			buildRules = (
			);
			dependencies = (
			);
			name = GithubFollowers;
			productName = GithubFollowers;
			productReference = 4FC4056C290A7ABE00419AC8 /* GithubFollowers.app */;
			productType = "com.apple.product-type.application";
		};
/* End PBXNativeTarget section */

/* Begin PBXProject section */
		4FC40564290A7ABE00419AC8 /* Project object */ = {
			isa = PBXProject;
			attributes = {
				BuildIndependentTargetsInParallel = 1;
				LastSwiftUpdateCheck = 1400;
				LastUpgradeCheck = 1400;
				TargetAttributes = {
					4FC4056B290A7ABE00419AC8 = {
						CreatedOnToolsVersion = 14.0;
					};
				};
			};
			buildConfigurationList = 4FC40567290A7ABE00419AC8 /* Build configuration list for PBXProject "GithubFollowers" */;
			compatibilityVersion = "Xcode 14.0";
			developmentRegion = en;
			hasScannedForEncodings = 0;
			knownRegions = (
				en,
				Base,
			);
			mainGroup = 4FC40563290A7ABE00419AC8;
			productRefGroup = 4FC4056D290A7ABE00419AC8 /* Products */;
			projectDirPath = "";
			projectRoot = "";
			targets = (
				4FC4056B290A7ABE00419AC8 /* GithubFollowers */,
			);
		};
/* End PBXProject section */

/* Begin PBXResourcesBuildPhase section */
		4FC4056A290A7ABE00419AC8 /* Resources */ = {
			isa = PBXResourcesBuildPhase;
			buildActionMask = 2147483647;
			files = (
				4FC4057C290A7AC300419AC8 /* LaunchScreen.storyboard in Resources */,
				4FC40579290A7AC300419AC8 /* Assets.xcassets in Resources */,
			);
			runOnlyForDeploymentPostprocessing = 0;
		};
/* End PBXResourcesBuildPhase section */

/* Begin PBXSourcesBuildPhase section */
		4FC40568290A7ABE00419AC8 /* Sources */ = {
			isa = PBXSourcesBuildPhase;
			buildActionMask = 2147483647;
			files = (
				4F71EBBA290D106B0034D347 /* UIViewController+Extension.swift in Sources */,
				4F5CC17A290E60C80048254A /* ErrorMessage.swift in Sources */,
				4FEC1725291CA9470079A9A1 /* GFItemInfoView.swift in Sources */,
				4FB5ECB2290F70C200F1BBD4 /* UICollectionViewCell+Extension.swift in Sources */,
				4FB5ECAE290F66A400F1BBD4 /* GFAvatarImageView.swift in Sources */,
				4F5CC172290E2E5C0048254A /* Follower.swift in Sources */,
				4F202D19290B7DDC00888C94 /* GFTextField.swift in Sources */,
				4FD0BD442910CF7A00475792 /* CacheManager.swift in Sources */,
				4F202D1B290BB91500888C94 /* String+Extension.swift in Sources */,
				4F18E9D12923CA860090E128 /* PersistenceManager.swift in Sources */,
				4F5CC177290E51860048254A /* NetworkManager.swift in Sources */,
				4F1B7AB029136CC4009B5B8D /* GFSecondaryTitleLabel.swift in Sources */,
				4FC40586290A8D8900419AC8 /* FavoritesVC.swift in Sources */,
				4FEC1729291CDA9A0079A9A1 /* GFRepoItemVC.swift in Sources */,
				4F1B7AAE29136CAB009B5B8D /* GFUserInfoHeaderVC.swift in Sources */,
				4F202D17290B799900888C94 /* GFButton.swift in Sources */,
				4FC40584290A8D6D00419AC8 /* SearchVC.swift in Sources */,
				4F202D23290BDFD400888C94 /* GFAlertVC.swift in Sources */,
				4FB5ECB0290F66DA00F1BBD4 /* UITableViewCell+Extension.swift in Sources */,
				4FEC172B291CDC890079A9A1 /* GFFollowerItemVC.swift in Sources */,
				4F5CC174290E2E640048254A /* User.swift in Sources */,
				4FB5ECAC290F668C00F1BBD4 /* FollowerCell.swift in Sources */,
				4FF4E6D0291DF2E300323BE8 /* Date+Extension.swift in Sources */,
				4FA2267B29261B57004FBE47 /* GFTabBarController.swift in Sources */,
				4FC40570290A7ABE00419AC8 /* AppDelegate.swift in Sources */,
				4F71EBC0290D18910034D347 /* GFAlertView.swift in Sources */,
				4F202D1F290BDE6A00888C94 /* GFTitleLabel.swift in Sources */,
				4FD0BD4C2911219500475792 /* GFEmptyStateView.swift in Sources */,
				4F202D1D290BBB0F00888C94 /* FollowerListVC.swift in Sources */,
				4FC40572290A7ABE00419AC8 /* SceneDelegate.swift in Sources */,
				4F202D21290BDF6D00888C94 /* GFBodyLabel.swift in Sources */,
				4F96356129124E4E00D85A27 /* UserInfoVC.swift in Sources */,
				4FEC1727291CD0A50079A9A1 /* GFItemInfoVC.swift in Sources */,
				4F1B7AB229137174009B5B8D /* Constants.swift in Sources */,
				4F4866F52924C1E500F033A2 /* FavoriteCell.swift in Sources */,
			);
			runOnlyForDeploymentPostprocessing = 0;
		};
/* End PBXSourcesBuildPhase section */

/* Begin PBXVariantGroup section */
		4FC4057A290A7AC300419AC8 /* LaunchScreen.storyboard */ = {
			isa = PBXVariantGroup;
			children = (
				4FC4057B290A7AC300419AC8 /* Base */,
			);
			name = LaunchScreen.storyboard;
			sourceTree = "<group>";
		};
/* End PBXVariantGroup section */

/* Begin XCBuildConfiguration section */
		4FC4057E290A7AC300419AC8 /* Debug */ = {
			isa = XCBuildConfiguration;
			buildSettings = {
				ALWAYS_SEARCH_USER_PATHS = NO;
				CLANG_ANALYZER_NONNULL = YES;
				CLANG_ANALYZER_NUMBER_OBJECT_CONVERSION = YES_AGGRESSIVE;
				CLANG_CXX_LANGUAGE_STANDARD = "gnu++20";
				CLANG_ENABLE_MODULES = YES;
				CLANG_ENABLE_OBJC_ARC = YES;
				CLANG_ENABLE_OBJC_WEAK = YES;
				CLANG_WARN_BLOCK_CAPTURE_AUTORELEASING = YES;
				CLANG_WARN_BOOL_CONVERSION = YES;
				CLANG_WARN_COMMA = YES;
				CLANG_WARN_CONSTANT_CONVERSION = YES;
				CLANG_WARN_DEPRECATED_OBJC_IMPLEMENTATIONS = YES;
				CLANG_WARN_DIRECT_OBJC_ISA_USAGE = YES_ERROR;
				CLANG_WARN_DOCUMENTATION_COMMENTS = YES;
				CLANG_WARN_EMPTY_BODY = YES;
				CLANG_WARN_ENUM_CONVERSION = YES;
				CLANG_WARN_INFINITE_RECURSION = YES;
				CLANG_WARN_INT_CONVERSION = YES;
				CLANG_WARN_NON_LITERAL_NULL_CONVERSION = YES;
				CLANG_WARN_OBJC_IMPLICIT_RETAIN_SELF = YES;
				CLANG_WARN_OBJC_LITERAL_CONVERSION = YES;
				CLANG_WARN_OBJC_ROOT_CLASS = YES_ERROR;
				CLANG_WARN_QUOTED_INCLUDE_IN_FRAMEWORK_HEADER = YES;
				CLANG_WARN_RANGE_LOOP_ANALYSIS = YES;
				CLANG_WARN_STRICT_PROTOTYPES = YES;
				CLANG_WARN_SUSPICIOUS_MOVE = YES;
				CLANG_WARN_UNGUARDED_AVAILABILITY = YES_AGGRESSIVE;
				CLANG_WARN_UNREACHABLE_CODE = YES;
				CLANG_WARN__DUPLICATE_METHOD_MATCH = YES;
				COPY_PHASE_STRIP = NO;
				DEBUG_INFORMATION_FORMAT = dwarf;
				ENABLE_STRICT_OBJC_MSGSEND = YES;
				ENABLE_TESTABILITY = YES;
				GCC_C_LANGUAGE_STANDARD = gnu11;
				GCC_DYNAMIC_NO_PIC = NO;
				GCC_NO_COMMON_BLOCKS = YES;
				GCC_OPTIMIZATION_LEVEL = 0;
				GCC_PREPROCESSOR_DEFINITIONS = (
					"DEBUG=1",
					"$(inherited)",
				);
				GCC_WARN_64_TO_32_BIT_CONVERSION = YES;
				GCC_WARN_ABOUT_RETURN_TYPE = YES_ERROR;
				GCC_WARN_UNDECLARED_SELECTOR = YES;
				GCC_WARN_UNINITIALIZED_AUTOS = YES_AGGRESSIVE;
				GCC_WARN_UNUSED_FUNCTION = YES;
				GCC_WARN_UNUSED_VARIABLE = YES;
				IPHONEOS_DEPLOYMENT_TARGET = 16.0;
				MTL_ENABLE_DEBUG_INFO = INCLUDE_SOURCE;
				MTL_FAST_MATH = YES;
				ONLY_ACTIVE_ARCH = YES;
				SDKROOT = iphoneos;
				SWIFT_ACTIVE_COMPILATION_CONDITIONS = DEBUG;
				SWIFT_OPTIMIZATION_LEVEL = "-Onone";
			};
			name = Debug;
		};
		4FC4057F290A7AC300419AC8 /* Release */ = {
			isa = XCBuildConfiguration;
			buildSettings = {
				ALWAYS_SEARCH_USER_PATHS = NO;
				CLANG_ANALYZER_NONNULL = YES;
				CLANG_ANALYZER_NUMBER_OBJECT_CONVERSION = YES_AGGRESSIVE;
				CLANG_CXX_LANGUAGE_STANDARD = "gnu++20";
				CLANG_ENABLE_MODULES = YES;
				CLANG_ENABLE_OBJC_ARC = YES;
				CLANG_ENABLE_OBJC_WEAK = YES;
				CLANG_WARN_BLOCK_CAPTURE_AUTORELEASING = YES;
				CLANG_WARN_BOOL_CONVERSION = YES;
				CLANG_WARN_COMMA = YES;
				CLANG_WARN_CONSTANT_CONVERSION = YES;
				CLANG_WARN_DEPRECATED_OBJC_IMPLEMENTATIONS = YES;
				CLANG_WARN_DIRECT_OBJC_ISA_USAGE = YES_ERROR;
				CLANG_WARN_DOCUMENTATION_COMMENTS = YES;
				CLANG_WARN_EMPTY_BODY = YES;
				CLANG_WARN_ENUM_CONVERSION = YES;
				CLANG_WARN_INFINITE_RECURSION = YES;
				CLANG_WARN_INT_CONVERSION = YES;
				CLANG_WARN_NON_LITERAL_NULL_CONVERSION = YES;
				CLANG_WARN_OBJC_IMPLICIT_RETAIN_SELF = YES;
				CLANG_WARN_OBJC_LITERAL_CONVERSION = YES;
				CLANG_WARN_OBJC_ROOT_CLASS = YES_ERROR;
				CLANG_WARN_QUOTED_INCLUDE_IN_FRAMEWORK_HEADER = YES;
				CLANG_WARN_RANGE_LOOP_ANALYSIS = YES;
				CLANG_WARN_STRICT_PROTOTYPES = YES;
				CLANG_WARN_SUSPICIOUS_MOVE = YES;
				CLANG_WARN_UNGUARDED_AVAILABILITY = YES_AGGRESSIVE;
				CLANG_WARN_UNREACHABLE_CODE = YES;
				CLANG_WARN__DUPLICATE_METHOD_MATCH = YES;
				COPY_PHASE_STRIP = NO;
				DEBUG_INFORMATION_FORMAT = "dwarf-with-dsym";
				ENABLE_NS_ASSERTIONS = NO;
				ENABLE_STRICT_OBJC_MSGSEND = YES;
				GCC_C_LANGUAGE_STANDARD = gnu11;
				GCC_NO_COMMON_BLOCKS = YES;
				GCC_WARN_64_TO_32_BIT_CONVERSION = YES;
				GCC_WARN_ABOUT_RETURN_TYPE = YES_ERROR;
				GCC_WARN_UNDECLARED_SELECTOR = YES;
				GCC_WARN_UNINITIALIZED_AUTOS = YES_AGGRESSIVE;
				GCC_WARN_UNUSED_FUNCTION = YES;
				GCC_WARN_UNUSED_VARIABLE = YES;
				IPHONEOS_DEPLOYMENT_TARGET = 16.0;
				MTL_ENABLE_DEBUG_INFO = NO;
				MTL_FAST_MATH = YES;
				SDKROOT = iphoneos;
				SWIFT_COMPILATION_MODE = wholemodule;
				SWIFT_OPTIMIZATION_LEVEL = "-O";
				VALIDATE_PRODUCT = YES;
			};
			name = Release;
		};
		4FC40581290A7AC300419AC8 /* Debug */ = {
			isa = XCBuildConfiguration;
			buildSettings = {
				ASSETCATALOG_COMPILER_APPICON_NAME = AppIcon;
				ASSETCATALOG_COMPILER_GLOBAL_ACCENT_COLOR_NAME = AccentColor;
				CODE_SIGN_STYLE = Automatic;
				CURRENT_PROJECT_VERSION = 1;
				DEVELOPMENT_TEAM = 6U2TAM5353;
				GENERATE_INFOPLIST_FILE = YES;
				INFOPLIST_FILE = GithubFollowers/Support/Info.plist;
				INFOPLIST_KEY_UIApplicationSupportsIndirectInputEvents = YES;
				INFOPLIST_KEY_UILaunchStoryboardName = LaunchScreen;
				INFOPLIST_KEY_UISupportedInterfaceOrientations = UIInterfaceOrientationPortrait;
				LD_RUNPATH_SEARCH_PATHS = (
					"$(inherited)",
					"@executable_path/Frameworks",
				);
				MARKETING_VERSION = 1.0;
				PRODUCT_BUNDLE_IDENTIFIER = com.krauserhuang.GithubFollowers;
				PRODUCT_NAME = "$(TARGET_NAME)";
				SUPPORTED_PLATFORMS = "iphoneos iphonesimulator";
				SUPPORTS_MACCATALYST = NO;
				SUPPORTS_MAC_DESIGNED_FOR_IPHONE_IPAD = YES;
				SWIFT_EMIT_LOC_STRINGS = YES;
				SWIFT_VERSION = 5.0;
				TARGETED_DEVICE_FAMILY = 1;
			};
			name = Debug;
		};
		4FC40582290A7AC300419AC8 /* Release */ = {
			isa = XCBuildConfiguration;
			buildSettings = {
				ASSETCATALOG_COMPILER_APPICON_NAME = AppIcon;
				ASSETCATALOG_COMPILER_GLOBAL_ACCENT_COLOR_NAME = AccentColor;
				CODE_SIGN_STYLE = Automatic;
				CURRENT_PROJECT_VERSION = 1;
				DEVELOPMENT_TEAM = 6U2TAM5353;
				GENERATE_INFOPLIST_FILE = YES;
				INFOPLIST_FILE = GithubFollowers/Support/Info.plist;
				INFOPLIST_KEY_UIApplicationSupportsIndirectInputEvents = YES;
				INFOPLIST_KEY_UILaunchStoryboardName = LaunchScreen;
				INFOPLIST_KEY_UISupportedInterfaceOrientations = UIInterfaceOrientationPortrait;
				LD_RUNPATH_SEARCH_PATHS = (
					"$(inherited)",
					"@executable_path/Frameworks",
				);
				MARKETING_VERSION = 1.0;
				PRODUCT_BUNDLE_IDENTIFIER = com.krauserhuang.GithubFollowers;
				PRODUCT_NAME = "$(TARGET_NAME)";
				SUPPORTED_PLATFORMS = "iphoneos iphonesimulator";
				SUPPORTS_MACCATALYST = NO;
				SUPPORTS_MAC_DESIGNED_FOR_IPHONE_IPAD = YES;
				SWIFT_EMIT_LOC_STRINGS = YES;
				SWIFT_VERSION = 5.0;
				TARGETED_DEVICE_FAMILY = 1;
			};
			name = Release;
		};
/* End XCBuildConfiguration section */

/* Begin XCConfigurationList section */
		4FC40567290A7ABE00419AC8 /* Build configuration list for PBXProject "GithubFollowers" */ = {
			isa = XCConfigurationList;
			buildConfigurations = (
				4FC4057E290A7AC300419AC8 /* Debug */,
				4FC4057F290A7AC300419AC8 /* Release */,
			);
			defaultConfigurationIsVisible = 0;
			defaultConfigurationName = Release;
		};
		4FC40580290A7AC300419AC8 /* Build configuration list for PBXNativeTarget "GithubFollowers" */ = {
			isa = XCConfigurationList;
			buildConfigurations = (
				4FC40581290A7AC300419AC8 /* Debug */,
				4FC40582290A7AC300419AC8 /* Release */,
			);
			defaultConfigurationIsVisible = 0;
			defaultConfigurationName = Release;
		};
/* End XCConfigurationList section */
	};
	rootObject = 4FC40564290A7ABE00419AC8 /* Project object */;
}
